{
  "name": "Groupe_en_train",
  "requires": true,
  "lockfileVersion": 1,
  "dependencies": {
    "babel-polyfill": {
      "version": "6.26.0",
      "resolved": "https://registry.npmjs.org/babel-polyfill/-/babel-polyfill-6.26.0.tgz",
      "integrity": "sha1-N5k3q8Z9eJWXCtxiHyhM2WbPIVM=",
      "requires": {
        "babel-runtime": "^6.26.0",
        "core-js": "^2.5.0",
        "regenerator-runtime": "^0.10.5"
      }
    },
    "babel-runtime": {
      "version": "6.26.0",
      "resolved": "https://registry.npmjs.org/babel-runtime/-/babel-runtime-6.26.0.tgz",
      "integrity": "sha1-llxwWGaOgrVde/4E/yM3vItWR/4=",
      "requires": {
        "core-js": "^2.4.0",
        "regenerator-runtime": "^0.11.0"
      },
      "dependencies": {
        "regenerator-runtime": {
          "version": "0.11.1",
          "resolved": "https://registry.npmjs.org/regenerator-runtime/-/regenerator-runtime-0.11.1.tgz",
          "integrity": "sha512-MguG95oij0fC3QV3URf4V2SDYGJhJnJGqvIIgdECeODCT98wSWDAJ94SSuVpYQUoTcGUIL6L4yNB7j1DFFHSBg=="
        }
      }
    },
    "core-js": {
      "version": "2.5.7",
      "resolved": "https://registry.npmjs.org/core-js/-/core-js-2.5.7.tgz",
      "integrity": "sha512-RszJCAxg/PP6uzXVXL6BsxSXx/B05oJAQ2vkJRjyjrEcNVycaqOmNb5OTxZPE3xa5gwZduqza6L9JOCenh/Ecw=="
    },
    "dom-create-element-query-selector": {
      "version": "1.0.5",
      "resolved": "https://registry.npmjs.org/dom-create-element-query-selector/-/dom-create-element-query-selector-1.0.5.tgz",
      "integrity": "sha1-fWUEURy1gKb6I67v6FwxXosLyns="
    },
    "flatpickr": {
      "version": "4.5.0",
      "resolved": "https://registry.npmjs.org/flatpickr/-/flatpickr-4.5.0.tgz",
      "integrity": "sha512-7AfaM2BVyQmFW4uBpzgoNeRUr6EZlvEh4Pnj298rEsHBq8LIZnPgRaesLORir7dATETUvoLkhrfXZdmNssma+A=="
    },
    "is-loading": {
      "version": "2.0.4",
      "resolved": "https://registry.npmjs.org/is-loading/-/is-loading-2.0.4.tgz",
      "integrity": "sha512-l67i4djPS/PqKxRWF/AACzktPsMM66peIJHPUBc3RRVmERBTp0IO44O5eNBP+WCMgXNem5MP1yoPmNVUqW/Ohw==",
      "requires": {
        "babel-polyfill": "^6.23.0",
        "dom-create-element-query-selector": "^1.0.5"
      }
    },
    "jquery": {
      "version": "3.3.1",
      "resolved": "https://registry.npmjs.org/jquery/-/jquery-3.3.1.tgz",
      "integrity": "sha512-Ubldcmxp5np52/ENotGxlLe6aGMvmF4R8S6tZjsP6Knsaxd/xp3Zrh50cG93lR6nPXyUFwzN3ZSOQI0wRJNdGg=="
    },
    "regenerator-runtime": {
      "version": "0.10.5",
      "resolved": "https://registry.npmjs.org/regenerator-runtime/-/regenerator-runtime-0.10.5.tgz",
      "integrity": "sha1-M2w+/BIgrc7dosn6tntaeVWjNlg="
    }
  }
}
